// !$*UTF8*$!
{
	archiveVersion = 1;
	classes = {
	};
	objectVersion = 46;
	objects = {

/* Begin PBXBuildFile section */
		36D792AB1AA47D960017D6F1 /* AppDelegate.swift in Sources */ = {isa = PBXBuildFile; fileRef = 36D792AA1AA47D960017D6F1 /* AppDelegate.swift */; };
		36D792AE1AA47D960017D6F1 /* Contact.xcdatamodeld in Sources */ = {isa = PBXBuildFile; fileRef = 36D792AC1AA47D960017D6F1 /* Contact.xcdatamodeld */; };
		36D792B01AA47D960017D6F1 /* ViewController.swift in Sources */ = {isa = PBXBuildFile; fileRef = 36D792AF1AA47D960017D6F1 /* ViewController.swift */; };
		36D792B31AA47D960017D6F1 /* Main.storyboard in Resources */ = {isa = PBXBuildFile; fileRef = 36D792B11AA47D960017D6F1 /* Main.storyboard */; };
		36D792B51AA47D960017D6F1 /* Images.xcassets in Resources */ = {isa = PBXBuildFile; fileRef = 36D792B41AA47D960017D6F1 /* Images.xcassets */; };
		36D792B81AA47D960017D6F1 /* LaunchScreen.xib in Resources */ = {isa = PBXBuildFile; fileRef = 36D792B61AA47D960017D6F1 /* LaunchScreen.xib */; };
		36D792C41AA47D970017D6F1 /* ContactTests.swift in Sources */ = {isa = PBXBuildFile; fileRef = 36D792C31AA47D970017D6F1 /* ContactTests.swift */; };
		36D792CE1AA47F980017D6F1 /* Contact.swift in Sources */ = {isa = PBXBuildFile; fileRef = 36D792CD1AA47F980017D6F1 /* Contact.swift */; };
		36D792D21AA491E40017D6F1 /* ContactTableViewController.swift in Sources */ = {isa = PBXBuildFile; fileRef = 36D792D11AA491E40017D6F1 /* ContactTableViewController.swift */; };
		36EB21911AA4BD6E00B705BB /* 29icon.png in Resources */ = {isa = PBXBuildFile; fileRef = 36EB218C1AA4BD6E00B705BB /* 29icon.png */; };
		36EB21921AA4BD6E00B705BB /* 40icon.png in Resources */ = {isa = PBXBuildFile; fileRef = 36EB218D1AA4BD6E00B705BB /* 40icon.png */; };
		36EB21931AA4BD6E00B705BB /* 58icon.png in Resources */ = {isa = PBXBuildFile; fileRef = 36EB218E1AA4BD6E00B705BB /* 58icon.png */; };
		36EB21941AA4BD6E00B705BB /* 80icon.png in Resources */ = {isa = PBXBuildFile; fileRef = 36EB218F1AA4BD6E00B705BB /* 80icon.png */; };
		36EB21951AA4BD6E00B705BB /* 152icon.png in Resources */ = {isa = PBXBuildFile; fileRef = 36EB21901AA4BD6E00B705BB /* 152icon.png */; };
		36EB21971AA4BDCC00B705BB /* 76icon.png in Resources */ = {isa = PBXBuildFile; fileRef = 36EB21961AA4BDCC00B705BB /* 76icon.png */; };
/* End PBXBuildFile section */

/* Begin PBXContainerItemProxy section */
		36D792BE1AA47D970017D6F1 /* PBXContainerItemProxy */ = {
			isa = PBXContainerItemProxy;
			containerPortal = 36D7929D1AA47D960017D6F1 /* Project object */;
			proxyType = 1;
			remoteGlobalIDString = 36D792A41AA47D960017D6F1;
			remoteInfo = Contact;
		};
/* End PBXContainerItemProxy section */

/* Begin PBXFileReference section */
		36D792A51AA47D960017D6F1 /* Contact.app */ = {isa = PBXFileReference; explicitFileType = wrapper.application; includeInIndex = 0; path = Contact.app; sourceTree = BUILT_PRODUCTS_DIR; };
		36D792A91AA47D960017D6F1 /* Info.plist */ = {isa = PBXFileReference; lastKnownFileType = text.plist.xml; path = Info.plist; sourceTree = "<group>"; };
		36D792AA1AA47D960017D6F1 /* AppDelegate.swift */ = {isa = PBXFileReference; lastKnownFileType = sourcecode.swift; path = AppDelegate.swift; sourceTree = "<group>"; };
		36D792AD1AA47D960017D6F1 /* Contact.xcdatamodel */ = {isa = PBXFileReference; lastKnownFileType = wrapper.xcdatamodel; path = Contact.xcdatamodel; sourceTree = "<group>"; };
		36D792AF1AA47D960017D6F1 /* ViewController.swift */ = {isa = PBXFileReference; lastKnownFileType = sourcecode.swift; path = ViewController.swift; sourceTree = "<group>"; };
		36D792B21AA47D960017D6F1 /* Base */ = {isa = PBXFileReference; lastKnownFileType = file.storyboard; name = Base; path = Base.lproj/Main.storyboard; sourceTree = "<group>"; };
		36D792B41AA47D960017D6F1 /* Images.xcassets */ = {isa = PBXFileReference; lastKnownFileType = folder.assetcatalog; path = Images.xcassets; sourceTree = "<group>"; };
		36D792B71AA47D960017D6F1 /* Base */ = {isa = PBXFileReference; lastKnownFileType = file.xib; name = Base; path = Base.lproj/LaunchScreen.xib; sourceTree = "<group>"; };
		36D792BD1AA47D970017D6F1 /* ContactTests.xctest */ = {isa = PBXFileReference; explicitFileType = wrapper.cfbundle; includeInIndex = 0; path = ContactTests.xctest; sourceTree = BUILT_PRODUCTS_DIR; };
		36D792C21AA47D970017D6F1 /* Info.plist */ = {isa = PBXFileReference; lastKnownFileType = text.plist.xml; path = Info.plist; sourceTree = "<group>"; };
		36D792C31AA47D970017D6F1 /* ContactTests.swift */ = {isa = PBXFileReference; lastKnownFileType = sourcecode.swift; path = ContactTests.swift; sourceTree = "<group>"; };
		36D792CD1AA47F980017D6F1 /* Contact.swift */ = {isa = PBXFileReference; fileEncoding = 4; lastKnownFileType = sourcecode.swift; path = Contact.swift; sourceTree = "<group>"; };
		36D792D11AA491E40017D6F1 /* ContactTableViewController.swift */ = {isa = PBXFileReference; fileEncoding = 4; lastKnownFileType = sourcecode.swift; path = ContactTableViewController.swift; sourceTree = SOURCE_ROOT; };
		36EB218C1AA4BD6E00B705BB /* 29icon.png */ = {isa = PBXFileReference; lastKnownFileType = image.png; path = 29icon.png; sourceTree = "<group>"; };
		36EB218D1AA4BD6E00B705BB /* 40icon.png */ = {isa = PBXFileReference; lastKnownFileType = image.png; path = 40icon.png; sourceTree = "<group>"; };
		36EB218E1AA4BD6E00B705BB /* 58icon.png */ = {isa = PBXFileReference; lastKnownFileType = image.png; path = 58icon.png; sourceTree = "<group>"; };
		36EB218F1AA4BD6E00B705BB /* 80icon.png */ = {isa = PBXFileReference; lastKnownFileType = image.png; path = 80icon.png; sourceTree = "<group>"; };
		36EB21901AA4BD6E00B705BB /* 152icon.png */ = {isa = PBXFileReference; lastKnownFileType = image.png; path = 152icon.png; sourceTree = "<group>"; };
		36EB21961AA4BDCC00B705BB /* 76icon.png */ = {isa = PBXFileReference; lastKnownFileType = image.png; path = 76icon.png; sourceTree = "<group>"; };
/* End PBXFileReference section */

/* Begin PBXFrameworksBuildPhase section */
		36D792A21AA47D960017D6F1 /* Frameworks */ = {
			isa = PBXFrameworksBuildPhase;
			buildActionMask = 2147483647;
			files = (
			);
			runOnlyForDeploymentPostprocessing = 0;
		};
		36D792BA1AA47D970017D6F1 /* Frameworks */ = {
			isa = PBXFrameworksBuildPhase;
			buildActionMask = 2147483647;
			files = (
			);
			runOnlyForDeploymentPostprocessing = 0;
		};
/* End PBXFrameworksBuildPhase section */

/* Begin PBXGroup section */
		36D7929C1AA47D960017D6F1 = {
			isa = PBXGroup;
			children = (
				36EB218B1AA4BD6300B705BB /* icons */,
				36D792A71AA47D960017D6F1 /* Contact */,
				36D792C01AA47D970017D6F1 /* ContactTests */,
				36D792A61AA47D960017D6F1 /* Products */,
			);
			sourceTree = "<group>";
		};
		36D792A61AA47D960017D6F1 /* Products */ = {
			isa = PBXGroup;
			children = (
				36D792A51AA47D960017D6F1 /* Contact.app */,
				36D792BD1AA47D970017D6F1 /* ContactTests.xctest */,
			);
			name = Products;
			sourceTree = "<group>";
		};
		36D792A71AA47D960017D6F1 /* Contact */ = {
			isa = PBXGroup;
			children = (
				36D792D11AA491E40017D6F1 /* ContactTableViewController.swift */,
				36D792AA1AA47D960017D6F1 /* AppDelegate.swift */,
				36D792AF1AA47D960017D6F1 /* ViewController.swift */,
				36D792B11AA47D960017D6F1 /* Main.storyboard */,
				36D792B41AA47D960017D6F1 /* Images.xcassets */,
				36D792B61AA47D960017D6F1 /* LaunchScreen.xib */,
				36D792AC1AA47D960017D6F1 /* Contact.xcdatamodeld */,
				36D792CD1AA47F980017D6F1 /* Contact.swift */,
				36D792A81AA47D960017D6F1 /* Supporting Files */,
			);
			path = Contact;
			sourceTree = "<group>";
		};
		36D792A81AA47D960017D6F1 /* Supporting Files */ = {
			isa = PBXGroup;
			children = (
				36D792A91AA47D960017D6F1 /* Info.plist */,
			);
			name = "Supporting Files";
			sourceTree = "<group>";
		};
		36D792C01AA47D970017D6F1 /* ContactTests */ = {
			isa = PBXGroup;
			children = (
				36D792C31AA47D970017D6F1 /* ContactTests.swift */,
				36D792C11AA47D970017D6F1 /* Supporting Files */,
			);
			path = ContactTests;
			sourceTree = "<group>";
		};
		36D792C11AA47D970017D6F1 /* Supporting Files */ = {
			isa = PBXGroup;
			children = (
				36D792C21AA47D970017D6F1 /* Info.plist */,
			);
			name = "Supporting Files";
			sourceTree = "<group>";
		};
		36EB218B1AA4BD6300B705BB /* icons */ = {
			isa = PBXGroup;
			children = (
				36EB21961AA4BDCC00B705BB /* 76icon.png */,
				36EB218C1AA4BD6E00B705BB /* 29icon.png */,
				36EB218D1AA4BD6E00B705BB /* 40icon.png */,
				36EB218E1AA4BD6E00B705BB /* 58icon.png */,
				36EB218F1AA4BD6E00B705BB /* 80icon.png */,
				36EB21901AA4BD6E00B705BB /* 152icon.png */,
			);
			name = icons;
			sourceTree = "<group>";
		};
/* End PBXGroup section */

/* Begin PBXNativeTarget section */
		36D792A41AA47D960017D6F1 /* Contact */ = {
			isa = PBXNativeTarget;
			buildConfigurationList = 36D792C71AA47D970017D6F1 /* Build configuration list for PBXNativeTarget "Contact" */;
			buildPhases = (
				36D792A11AA47D960017D6F1 /* Sources */,
				36D792A21AA47D960017D6F1 /* Frameworks */,
				36D792A31AA47D960017D6F1 /* Resources */,
			);
			buildRules = (
			);
			dependencies = (
			);
			name = Contact;
			productName = Contact;
			productReference = 36D792A51AA47D960017D6F1 /* Contact.app */;
			productType = "com.apple.product-type.application";
		};
		36D792BC1AA47D970017D6F1 /* ContactTests */ = {
			isa = PBXNativeTarget;
			buildConfigurationList = 36D792CA1AA47D970017D6F1 /* Build configuration list for PBXNativeTarget "ContactTests" */;
			buildPhases = (
				36D792B91AA47D970017D6F1 /* Sources */,
				36D792BA1AA47D970017D6F1 /* Frameworks */,
				36D792BB1AA47D970017D6F1 /* Resources */,
			);
			buildRules = (
			);
			dependencies = (
				36D792BF1AA47D970017D6F1 /* PBXTargetDependency */,
			);
			name = ContactTests;
			productName = ContactTests;
			productReference = 36D792BD1AA47D970017D6F1 /* ContactTests.xctest */;
			productType = "com.apple.product-type.bundle.unit-test";
		};
/* End PBXNativeTarget section */

/* Begin PBXProject section */
		36D7929D1AA47D960017D6F1 /* Project object */ = {
			isa = PBXProject;
			attributes = {
				LastUpgradeCheck = 0610;
				ORGANIZATIONNAME = "Rock Valley College";
				TargetAttributes = {
					36D792A41AA47D960017D6F1 = {
						CreatedOnToolsVersion = 6.1;
					};
					36D792BC1AA47D970017D6F1 = {
						CreatedOnToolsVersion = 6.1;
						TestTargetID = 36D792A41AA47D960017D6F1;
					};
				};
			};
			buildConfigurationList = 36D792A01AA47D960017D6F1 /* Build configuration list for PBXProject "Contact" */;
			compatibilityVersion = "Xcode 3.2";
			developmentRegion = English;
			hasScannedForEncodings = 0;
			knownRegions = (
				en,
				Base,
			);
			mainGroup = 36D7929C1AA47D960017D6F1;
			productRefGroup = 36D792A61AA47D960017D6F1 /* Products */;
			projectDirPath = "";
			projectRoot = "";
			targets = (
				36D792A41AA47D960017D6F1 /* Contact */,
				36D792BC1AA47D970017D6F1 /* ContactTests */,
			);
		};
/* End PBXProject section */

/* Begin PBXResourcesBuildPhase section */
		36D792A31AA47D960017D6F1 /* Resources */ = {
			isa = PBXResourcesBuildPhase;
			buildActionMask = 2147483647;
			files = (
				36D792B31AA47D960017D6F1 /* Main.storyboard in Resources */,
				36EB21941AA4BD6E00B705BB /* 80icon.png in Resources */,
				36EB21931AA4BD6E00B705BB /* 58icon.png in Resources */,
				36EB21911AA4BD6E00B705BB /* 29icon.png in Resources */,
				36D792B81AA47D960017D6F1 /* LaunchScreen.xib in Resources */,
				36EB21921AA4BD6E00B705BB /* 40icon.png in Resources */,
				36D792B51AA47D960017D6F1 /* Images.xcassets in Resources */,
				36EB21951AA4BD6E00B705BB /* 152icon.png in Resources */,
				36EB21971AA4BDCC00B705BB /* 76icon.png in Resources */,
			);
			runOnlyForDeploymentPostprocessing = 0;
		};
		36D792BB1AA47D970017D6F1 /* Resources */ = {
			isa = PBXResourcesBuildPhase;
			buildActionMask = 2147483647;
			files = (
			);
			runOnlyForDeploymentPostprocessing = 0;
		};
/* End PBXResourcesBuildPhase section */

/* Begin PBXSourcesBuildPhase section */
		36D792A11AA47D960017D6F1 /* Sources */ = {
			isa = PBXSourcesBuildPhase;
			buildActionMask = 2147483647;
			files = (
				36D792CE1AA47F980017D6F1 /* Contact.swift in Sources */,
				36D792B01AA47D960017D6F1 /* ViewController.swift in Sources */,
				36D792D21AA491E40017D6F1 /* ContactTableViewController.swift in Sources */,
				36D792AE1AA47D960017D6F1 /* Contact.xcdatamodeld in Sources */,
				36D792AB1AA47D960017D6F1 /* AppDelegate.swift in Sources */,
			);
			runOnlyForDeploymentPostprocessing = 0;
		};
		36D792B91AA47D970017D6F1 /* Sources */ = {
			isa = PBXSourcesBuildPhase;
			buildActionMask = 2147483647;
			files = (
				36D792C41AA47D970017D6F1 /* ContactTests.swift in Sources */,
			);
			runOnlyForDeploymentPostprocessing = 0;
		};
/* End PBXSourcesBuildPhase section */

/* Begin PBXTargetDependency section */
		36D792BF1AA47D970017D6F1 /* PBXTargetDependency */ = {
			isa = PBXTargetDependency;
			target = 36D792A41AA47D960017D6F1 /* Contact */;
			targetProxy = 36D792BE1AA47D970017D6F1 /* PBXContainerItemProxy */;
		};
/* End PBXTargetDependency section */

/* Begin PBXVariantGroup section */
		36D792B11AA47D960017D6F1 /* Main.storyboard */ = {
			isa = PBXVariantGroup;
			children = (
				36D792B21AA47D960017D6F1 /* Base */,
			);
			name = Main.storyboard;
			sourceTree = "<group>";
		};
		36D792B61AA47D960017D6F1 /* LaunchScreen.xib */ = {
			isa = PBXVariantGroup;
			children = (
				36D792B71AA47D960017D6F1 /* Base */,
			);
			name = LaunchScreen.xib;
			sourceTree = "<group>";
		};
/* End PBXVariantGroup section */

/* Begin XCBuildConfiguration section */
		36D792C51AA47D970017D6F1 /* Debug */ = {
			isa = XCBuildConfiguration;
			buildSettings = {
				ALWAYS_SEARCH_USER_PATHS = NO;
				CLANG_CXX_LANGUAGE_STANDARD = "gnu++0x";
				CLANG_CXX_LIBRARY = "libc++";
				CLANG_ENABLE_MODULES = YES;
				CLANG_ENABLE_OBJC_ARC = YES;
				CLANG_WARN_BOOL_CONVERSION = YES;
				CLANG_WARN_CONSTANT_CONVERSION = YES;
				CLANG_WARN_DIRECT_OBJC_ISA_USAGE = YES_ERROR;
				CLANG_WARN_EMPTY_BODY = YES;
				CLANG_WARN_ENUM_CONVERSION = YES;
				CLANG_WARN_INT_CONVERSION = YES;
				CLANG_WARN_OBJC_ROOT_CLASS = YES_ERROR;
				CLANG_WARN_UNREACHABLE_CODE = YES;
				CLANG_WARN__DUPLICATE_METHOD_MATCH = YES;
				"CODE_SIGN_IDENTITY[sdk=iphoneos*]" = "iPhone Developer";
				COPY_PHASE_STRIP = NO;
				ENABLE_STRICT_OBJC_MSGSEND = YES;
				GCC_C_LANGUAGE_STANDARD = gnu99;
				GCC_DYNAMIC_NO_PIC = NO;
				GCC_OPTIMIZATION_LEVEL = 0;
				GCC_PREPROCESSOR_DEFINITIONS = (
					"DEBUG=1",
					"$(inherited)",
				);
				GCC_SYMBOLS_PRIVATE_EXTERN = NO;
				GCC_WARN_64_TO_32_BIT_CONVERSION = YES;
				GCC_WARN_ABOUT_RETURN_TYPE = YES_ERROR;
				GCC_WARN_UNDECLARED_SELECTOR = YES;
				GCC_WARN_UNINITIALIZED_AUTOS = YES_AGGRESSIVE;
				GCC_WARN_UNUSED_FUNCTION = YES;
				GCC_WARN_UNUSED_VARIABLE = YES;
				IPHONEOS_DEPLOYMENT_TARGET = 8.1;
				MTL_ENABLE_DEBUG_INFO = YES;
				ONLY_ACTIVE_ARCH = YES;
				SDKROOT = iphoneos;
				SWIFT_OPTIMIZATION_LEVEL = "-Onone";
				TARGETED_DEVICE_FAMILY = 2;
			};
			name = Debug;
		};
		36D792C61AA47D970017D6F1 /* Release */ = {
			isa = XCBuildConfiguration;
			buildSettings = {
				ALWAYS_SEARCH_USER_PATHS = NO;
				CLANG_CXX_LANGUAGE_STANDARD = "gnu++0x";
				CLANG_CXX_LIBRARY = "libc++";
				CLANG_ENABLE_MODULES = YES;
				CLANG_ENABLE_OBJC_ARC = YES;
				CLANG_WARN_BOOL_CONVERSION = YES;
				CLANG_WARN_CONSTANT_CONVERSION = YES;
				CLANG_WARN_DIRECT_OBJC_ISA_USAGE = YES_ERROR;
				CLANG_WARN_EMPTY_BODY = YES;
				CLANG_WARN_ENUM_CONVERSION = YES;
				CLANG_WARN_INT_CONVERSION = YES;
				CLANG_WARN_OBJC_ROOT_CLASS = YES_ERROR;
				CLANG_WARN_UNREACHABLE_CODE = YES;
				CLANG_WARN__DUPLICATE_METHOD_MATCH = YES;
				"CODE_SIGN_IDENTITY[sdk=iphoneos*]" = "iPhone Developer";
				COPY_PHASE_STRIP = YES;
				ENABLE_NS_ASSERTIONS = NO;
				ENABLE_STRICT_OBJC_MSGSEND = YES;
				GCC_C_LANGUAGE_STANDARD = gnu99;
				GCC_WARN_64_TO_32_BIT_CONVERSION = YES;
				GCC_WARN_ABOUT_RETURN_TYPE = YES_ERROR;
				GCC_WARN_UNDECLARED_SELECTOR = YES;
				GCC_WARN_UNINITIALIZED_AUTOS = YES_AGGRESSIVE;
				GCC_WARN_UNUSED_FUNCTION = YES;
				GCC_WARN_UNUSED_VARIABLE = YES;
				IPHONEOS_DEPLOYMENT_TARGET = 8.1;
				MTL_ENABLE_DEBUG_INFO = NO;
				SDKROOT = iphoneos;
				TARGETED_DEVICE_FAMILY = 2;
				VALIDATE_PRODUCT = YES;
			};
			name = Release;
		};
		36D792C81AA47D970017D6F1 /* Debug */ = {
			isa = XCBuildConfiguration;
			buildSettings = {
				ASSETCATALOG_COMPILER_APPICON_NAME = AppIcon;
				ASSETCATALOG_COMPILER_LAUNCHIMAGE_NAME = LaunchImage;
				INFOPLIST_FILE = Contact/Info.plist;
				LD_RUNPATH_SEARCH_PATHS = "$(inherited) @executable_path/Frameworks";
				PRODUCT_NAME = "$(TARGET_NAME)";
			};
			name = Debug;
		};
		36D792C91AA47D970017D6F1 /* Release */ = {
			isa = XCBuildConfiguration;
			buildSettings = {
				ASSETCATALOG_COMPILER_APPICON_NAME = AppIcon;
				ASSETCATALOG_COMPILER_LAUNCHIMAGE_NAME = LaunchImage;
				INFOPLIST_FILE = Contact/Info.plist;
				LD_RUNPATH_SEARCH_PATHS = "$(inherited) @executable_path/Frameworks";
				PRODUCT_NAME = "$(TARGET_NAME)";
			};
			name = Release;
		};
		36D792CB1AA47D970017D6F1 /* Debug */ = {
			isa = XCBuildConfiguration;
			buildSettings = {
				BUNDLE_LOADER = "$(TEST_HOST)";
				FRAMEWORK_SEARCH_PATHS = (
					"$(SDKROOT)/Developer/Library/Frameworks",
					"$(inherited)",
				);
				GCC_PREPROCESSOR_DEFINITIONS = (
					"DEBUG=1",
					"$(inherited)",
				);
				INFOPLIST_FILE = ContactTests/Info.plist;
				LD_RUNPATH_SEARCH_PATHS = "$(inherited) @executable_path/Frameworks @loader_path/Frameworks";
				PRODUCT_NAME = "$(TARGET_NAME)";
				TEST_HOST = "$(BUILT_PRODUCTS_DIR)/Contact.app/Contact";
			};
			name = Debug;
		};
		36D792CC1AA47D970017D6F1 /* Release */ = {
			isa = XCBuildConfiguration;
			buildSettings = {
				BUNDLE_LOADER = "$(TEST_HOST)";
				FRAMEWORK_SEARCH_PATHS = (
					"$(SDKROOT)/Developer/Library/Frameworks",
					"$(inherited)",
				);
				INFOPLIST_FILE = ContactTests/Info.plist;
				LD_RUNPATH_SEARCH_PATHS = "$(inherited) @executable_path/Frameworks @loader_path/Frameworks";
				PRODUCT_NAME = "$(TARGET_NAME)";
				TEST_HOST = "$(BUILT_PRODUCTS_DIR)/Contact.app/Contact";
			};
			name = Release;
		};
/* End XCBuildConfiguration section */

/* Begin XCConfigurationList section */
		36D792A01AA47D960017D6F1 /* Build configuration list for PBXProject "Contact" */ = {
			isa = XCConfigurationList;
			buildConfigurations = (
				36D792C51AA47D970017D6F1 /* Debug */,
				36D792C61AA47D970017D6F1 /* Release */,
			);
			defaultConfigurationIsVisible = 0;
			defaultConfigurationName = Release;
		};
		36D792C71AA47D970017D6F1 /* Build configuration list for PBXNativeTarget "Contact" */ = {
			isa = XCConfigurationList;
			buildConfigurations = (
				36D792C81AA47D970017D6F1 /* Debug */,
				36D792C91AA47D970017D6F1 /* Release */,
			);
			defaultConfigurationIsVisible = 0;
			defaultConfigurationName = Release;
		};
		36D792CA1AA47D970017D6F1 /* Build configuration list for PBXNativeTarget "ContactTests" */ = {
			isa = XCConfigurationList;
			buildConfigurations = (
				36D792CB1AA47D970017D6F1 /* Debug */,
				36D792CC1AA47D970017D6F1 /* Release */,
			);
			defaultConfigurationIsVisible = 0;
			defaultConfigurationName = Release;
		};
/* End XCConfigurationList section */

/* Begin XCVersionGroup section */
		36D792AC1AA47D960017D6F1 /* Contact.xcdatamodeld */ = {
			isa = XCVersionGroup;
			children = (
				36D792AD1AA47D960017D6F1 /* Contact.xcdatamodel */,
			);
			currentVersion = 36D792AD1AA47D960017D6F1 /* Contact.xcdatamodel */;
			path = Contact.xcdatamodeld;
			sourceTree = "<group>";
			versionGroupType = wrapper.xcdatamodel;
		};
/* End XCVersionGroup section */
	};
	rootObject = 36D7929D1AA47D960017D6F1 /* Project object */;
}
